
Microsoft Visual Studio Solution File, Format Version 12.00
# Visual Studio Version 17
VisualStudioVersion = 17.6.33829.357
MinimumVisualStudioVersion = 10.0.40219.1
Project("{888888A0-9F3D-457C-B088-3A5042F75D52}") = "DjangoWebProject1", "DjangoWebProject1\DjangoWebProject1.pyproj", "{6E9EDF5C-86CB-42F0-92A9-F430A6129505}"
EndProject
Global
	GlobalSection(SolutionConfigurationPlatforms) = preSolution
		Debug|Any CPU = Debug|Any CPU
		Release|Any CPU = Release|Any CPU
	EndGlobalSection
	GlobalSection(ProjectConfigurationPlatforms) = postSolution
		{6E9EDF5C-86CB-42F0-92A9-F430A6129505}.Debug|Any CPU.ActiveCfg = Debug|Any CPU
		{6E9EDF5C-86CB-42F0-92A9-F430A6129505}.Debug|Any CPU.Build.0 = Debug|Any CPU
		{6E9EDF5C-86CB-42F0-92A9-F430A6129505}.Release|Any CPU.ActiveCfg = Release|Any CPU
		{6E9EDF5C-86CB-42F0-92A9-F430A6129505}.Release|Any CPU.Build.0 = Release|Any CPU
	EndGlobalSection
	GlobalSection(SolutionProperties) = preSolution
		HideSolutionNode = FALSE
	EndGlobalSection
	GlobalSection(ExtensibilityGlobals) = postSolution
		SolutionGuid = {9550A7BA-FA82-49A9-93A0-0DF4897B99ED}
	EndGlobalSection
EndGlobal
